#include <iostream>
#include <cmath>
#include <windows.h> // для укр языка 1251 ---->> SetConsoleOutputCP(1251);
using namespace std;

// 1. Функція Line
void Line(int length, char symbol, int color, bool horizontal) {
    for (int i = 0; i < length; i++) {
        if (horizontal) {
            cout << symbol;
        }
        else {
            cout << symbol << "\n";
        }
    }
    if (horizontal) cout << "\n";
}

// 2. Функція Rectangle
void Rectangle(int width, int height, char borderChar, char fillChar,
    int borderColor, int fillColor, int x, int y) {
    // Враховуємо координати (x, y) як зсув
    for (int i = 0; i < y; i++) cout << "\n";  // зсув по Y
    for (int i = 0; i < height; i++) {
        for (int j = 0; j < x; j++) cout << ' '; // зсув по X

        for (int j = 0; j < width; j++) {
            if (i == 0 || i == height - 1 || j == 0 || j == width - 1)
                cout << borderChar;
            else
                cout << fillChar;
        }
        cout << "\n";
    }
}

// 3. Функція для обчислення куба числа
double Cube(double num) {
    return num * num * num;
}

// 4. Функція для перевірки простого числа
bool IsPrime(int number) {
    if (number <= 1) return false;
    for (int i = 2; i <= sqrt(number); i++) { //sqrt - квадратный корень число 
        if (number % i == 0) return false;
    }
    return true;
}


int main() {
    SetConsoleOutputCP(1251); // через виндоус библиотеку для укр языка
    cout << "1. Горизонтальна лінія:" << "\n";
    Line(20, '@', 12, true);

    cout << "\n2. Прямокутник:" << "\n";
    Rectangle(10, 5, '#', '.', 12, 7, 5, 2);

    cout << "\n3. Куб числа 3: " << Cube(3.0) << "\n";

    cout << "\n4. Перевірка чи число 17 є простим: " << (IsPrime(17) ? "Так" : "Ні") <<"\n";

    
}
